// !$*UTF8*$!
{
	archiveVersion = 1;
	classes = {
	};
	objectVersion = 46;
	objects = {

/* Begin PBXBuildFile section */
		90866982152F1D34C1CFD972 /* Pods_weatherApplication.framework in Frameworks */ = {isa = PBXBuildFile; fileRef = D5F8BFB503D9B35A98D3AA74 /* Pods_weatherApplication.framework */; };
		E77FEF6F1EDDDD34001985B5 /* AppDelegate.swift in Sources */ = {isa = PBXBuildFile; fileRef = E77FEF6E1EDDDD34001985B5 /* AppDelegate.swift */; };
		E77FEF711EDDDD34001985B5 /* ViewController.swift in Sources */ = {isa = PBXBuildFile; fileRef = E77FEF701EDDDD34001985B5 /* ViewController.swift */; };
		E77FEF741EDDDD34001985B5 /* Main.storyboard in Resources */ = {isa = PBXBuildFile; fileRef = E77FEF721EDDDD34001985B5 /* Main.storyboard */; };
		E77FEF761EDDDD34001985B5 /* Assets.xcassets in Resources */ = {isa = PBXBuildFile; fileRef = E77FEF751EDDDD34001985B5 /* Assets.xcassets */; };
		E77FEF791EDDDD34001985B5 /* LaunchScreen.storyboard in Resources */ = {isa = PBXBuildFile; fileRef = E77FEF771EDDDD34001985B5 /* LaunchScreen.storyboard */; };
		E77FEF811EDF6572001985B5 /* weather.swift in Sources */ = {isa = PBXBuildFile; fileRef = E77FEF801EDF6572001985B5 /* weather.swift */; };
		E77FEF831EE075DD001985B5 /* cityItem.swift in Sources */ = {isa = PBXBuildFile; fileRef = E77FEF821EE075DD001985B5 /* cityItem.swift */; };
		E77FEF851EE081CA001985B5 /* weatherCollectionViewCell.swift in Sources */ = {isa = PBXBuildFile; fileRef = E77FEF841EE081CA001985B5 /* weatherCollectionViewCell.swift */; };
/* End PBXBuildFile section */

/* Begin PBXFileReference section */
		21B342D1B77A9C35B730F4A1 /* Pods-weatherApplication.release.xcconfig */ = {isa = PBXFileReference; includeInIndex = 1; lastKnownFileType = text.xcconfig; name = "Pods-weatherApplication.release.xcconfig"; path = "Pods/Target Support Files/Pods-weatherApplication/Pods-weatherApplication.release.xcconfig"; sourceTree = "<group>"; };
		3E252EABEE895A64D9E24866 /* Pods-weatherApplication.debug.xcconfig */ = {isa = PBXFileReference; includeInIndex = 1; lastKnownFileType = text.xcconfig; name = "Pods-weatherApplication.debug.xcconfig"; path = "Pods/Target Support Files/Pods-weatherApplication/Pods-weatherApplication.debug.xcconfig"; sourceTree = "<group>"; };
		D5F8BFB503D9B35A98D3AA74 /* Pods_weatherApplication.framework */ = {isa = PBXFileReference; explicitFileType = wrapper.framework; includeInIndex = 0; path = Pods_weatherApplication.framework; sourceTree = BUILT_PRODUCTS_DIR; };
		E77FEF6B1EDDDD34001985B5 /* weatherApplication.app */ = {isa = PBXFileReference; explicitFileType = wrapper.application; includeInIndex = 0; path = weatherApplication.app; sourceTree = BUILT_PRODUCTS_DIR; };
		E77FEF6E1EDDDD34001985B5 /* AppDelegate.swift */ = {isa = PBXFileReference; lastKnownFileType = sourcecode.swift; path = AppDelegate.swift; sourceTree = "<group>"; };
		E77FEF701EDDDD34001985B5 /* ViewController.swift */ = {isa = PBXFileReference; lastKnownFileType = sourcecode.swift; path = ViewController.swift; sourceTree = "<group>"; };
		E77FEF731EDDDD34001985B5 /* Base */ = {isa = PBXFileReference; lastKnownFileType = file.storyboard; name = Base; path = Base.lproj/Main.storyboard; sourceTree = "<group>"; };
		E77FEF751EDDDD34001985B5 /* Assets.xcassets */ = {isa = PBXFileReference; lastKnownFileType = folder.assetcatalog; path = Assets.xcassets; sourceTree = "<group>"; };
		E77FEF781EDDDD34001985B5 /* Base */ = {isa = PBXFileReference; lastKnownFileType = file.storyboard; name = Base; path = Base.lproj/LaunchScreen.storyboard; sourceTree = "<group>"; };
		E77FEF7A1EDDDD34001985B5 /* Info.plist */ = {isa = PBXFileReference; lastKnownFileType = text.plist.xml; path = Info.plist; sourceTree = "<group>"; };
		E77FEF801EDF6572001985B5 /* weather.swift */ = {isa = PBXFileReference; fileEncoding = 4; lastKnownFileType = sourcecode.swift; path = weather.swift; sourceTree = "<group>"; };
		E77FEF821EE075DD001985B5 /* cityItem.swift */ = {isa = PBXFileReference; fileEncoding = 4; lastKnownFileType = sourcecode.swift; path = cityItem.swift; sourceTree = "<group>"; };
		E77FEF841EE081CA001985B5 /* weatherCollectionViewCell.swift */ = {isa = PBXFileReference; fileEncoding = 4; lastKnownFileType = sourcecode.swift; path = weatherCollectionViewCell.swift; sourceTree = "<group>"; };
/* End PBXFileReference section */

/* Begin PBXFrameworksBuildPhase section */
		E77FEF681EDDDD34001985B5 /* Frameworks */ = {
			isa = PBXFrameworksBuildPhase;
			buildActionMask = 2147483647;
			files = (
				90866982152F1D34C1CFD972 /* Pods_weatherApplication.framework in Frameworks */,
			);
			runOnlyForDeploymentPostprocessing = 0;
		};
/* End PBXFrameworksBuildPhase section */

/* Begin PBXGroup section */
		8407D32D1E52875D4480B8F5 /* Frameworks */ = {
			isa = PBXGroup;
			children = (
				D5F8BFB503D9B35A98D3AA74 /* Pods_weatherApplication.framework */,
			);
			name = Frameworks;
			sourceTree = "<group>";
		};
		D8C8F51F2B90B4D538E76044 /* Pods */ = {
			isa = PBXGroup;
			children = (
				3E252EABEE895A64D9E24866 /* Pods-weatherApplication.debug.xcconfig */,
				21B342D1B77A9C35B730F4A1 /* Pods-weatherApplication.release.xcconfig */,
			);
			name = Pods;
			sourceTree = "<group>";
		};
		E77FEF621EDDDD34001985B5 = {
			isa = PBXGroup;
			children = (
				E77FEF6D1EDDDD34001985B5 /* weatherApplication */,
				E77FEF6C1EDDDD34001985B5 /* Products */,
				D8C8F51F2B90B4D538E76044 /* Pods */,
				8407D32D1E52875D4480B8F5 /* Frameworks */,
			);
			sourceTree = "<group>";
		};
		E77FEF6C1EDDDD34001985B5 /* Products */ = {
			isa = PBXGroup;
			children = (
				E77FEF6B1EDDDD34001985B5 /* weatherApplication.app */,
			);
			name = Products;
			sourceTree = "<group>";
		};
		E77FEF6D1EDDDD34001985B5 /* weatherApplication */ = {
			isa = PBXGroup;
			children = (
				E77FEF6E1EDDDD34001985B5 /* AppDelegate.swift */,
				E77FEF701EDDDD34001985B5 /* ViewController.swift */,
				E77FEF721EDDDD34001985B5 /* Main.storyboard */,
				E77FEF821EE075DD001985B5 /* cityItem.swift */,
				E77FEF841EE081CA001985B5 /* weatherCollectionViewCell.swift */,
				E77FEF751EDDDD34001985B5 /* Assets.xcassets */,
				E77FEF771EDDDD34001985B5 /* LaunchScreen.storyboard */,
				E77FEF7A1EDDDD34001985B5 /* Info.plist */,
				E77FEF801EDF6572001985B5 /* weather.swift */,
			);
			path = weatherApplication;
			sourceTree = "<group>";
		};
/* End PBXGroup section */

/* Begin PBXNativeTarget section */
		E77FEF6A1EDDDD34001985B5 /* weatherApplication */ = {
			isa = PBXNativeTarget;
			buildConfigurationList = E77FEF7D1EDDDD34001985B5 /* Build configuration list for PBXNativeTarget "weatherApplication" */;
			buildPhases = (
				FABB981CC579356E3CF26789 /* [CP] Check Pods Manifest.lock */,
				E77FEF671EDDDD34001985B5 /* Sources */,
				E77FEF681EDDDD34001985B5 /* Frameworks */,
				E77FEF691EDDDD34001985B5 /* Resources */,
				4FA2CC8D2F40807597426637 /* [CP] Embed Pods Frameworks */,
				0700ECB4784B876DFED8BC6E /* [CP] Copy Pods Resources */,
			);
			buildRules = (
			);
			dependencies = (
			);
			name = weatherApplication;
			productName = weatherApplication;
			productReference = E77FEF6B1EDDDD34001985B5 /* weatherApplication.app */;
			productType = "com.apple.product-type.application";
		};
/* End PBXNativeTarget section */

/* Begin PBXProject section */
		E77FEF631EDDDD34001985B5 /* Project object */ = {
			isa = PBXProject;
			attributes = {
				LastSwiftUpdateCheck = 0830;
				LastUpgradeCheck = 0830;
				ORGANIZATIONNAME = "Ika Javakhishvili";
				TargetAttributes = {
					E77FEF6A1EDDDD34001985B5 = {
						CreatedOnToolsVersion = 8.3.2;
						ProvisioningStyle = Automatic;
					};
				};
			};
			buildConfigurationList = E77FEF661EDDDD34001985B5 /* Build configuration list for PBXProject "weatherApplication" */;
			compatibilityVersion = "Xcode 3.2";
			developmentRegion = English;
			hasScannedForEncodings = 0;
			knownRegions = (
				en,
				Base,
			);
			mainGroup = E77FEF621EDDDD34001985B5;
			productRefGroup = E77FEF6C1EDDDD34001985B5 /* Products */;
			projectDirPath = "";
			projectRoot = "";
			targets = (
				E77FEF6A1EDDDD34001985B5 /* weatherApplication */,
			);
		};
/* End PBXProject section */

/* Begin PBXResourcesBuildPhase section */
		E77FEF691EDDDD34001985B5 /* Resources */ = {
			isa = PBXResourcesBuildPhase;
			buildActionMask = 2147483647;
			files = (
				E77FEF791EDDDD34001985B5 /* LaunchScreen.storyboard in Resources */,
				E77FEF761EDDDD34001985B5 /* Assets.xcassets in Resources */,
				E77FEF741EDDDD34001985B5 /* Main.storyboard in Resources */,
			);
			runOnlyForDeploymentPostprocessing = 0;
		};
/* End PBXResourcesBuildPhase section */

/* Begin PBXShellScriptBuildPhase section */
		0700ECB4784B876DFED8BC6E /* [CP] Copy Pods Resources */ = {
			isa = PBXShellScriptBuildPhase;
			buildActionMask = 2147483647;
			files = (
			);
			inputPaths = (
			);
			name = "[CP] Copy Pods Resources";
			outputPaths = (
			);
			runOnlyForDeploymentPostprocessing = 0;
			shellPath = /bin/sh;
			shellScript = "\"${SRCROOT}/Pods/Target Support Files/Pods-weatherApplication/Pods-weatherApplication-resources.sh\"\n";
			showEnvVarsInLog = 0;
		};
		4FA2CC8D2F40807597426637 /* [CP] Embed Pods Frameworks */ = {
			isa = PBXShellScriptBuildPhase;
			buildActionMask = 2147483647;
			files = (
			);
			inputPaths = (
			);
			name = "[CP] Embed Pods Frameworks";
			outputPaths = (
			);
			runOnlyForDeploymentPostprocessing = 0;
			shellPath = /bin/sh;
			shellScript = "\"${SRCROOT}/Pods/Target Support Files/Pods-weatherApplication/Pods-weatherApplication-frameworks.sh\"\n";
			showEnvVarsInLog = 0;
		};
		FABB981CC579356E3CF26789 /* [CP] Check Pods Manifest.lock */ = {
			isa = PBXShellScriptBuildPhase;
			buildActionMask = 2147483647;
			files = (
			);
			inputPaths = (
			);
			name = "[CP] Check Pods Manifest.lock";
			outputPaths = (
			);
			runOnlyForDeploymentPostprocessing = 0;
			shellPath = /bin/sh;
			shellScript = "diff \"${PODS_ROOT}/../Podfile.lock\" \"${PODS_ROOT}/Manifest.lock\" > /dev/null\nif [ $? != 0 ] ; then\n    # print error to STDERR\n    echo \"error: The sandbox is not in sync with the Podfile.lock. Run 'pod install' or update your CocoaPods installation.\" >&2\n    exit 1\nfi\n";
			showEnvVarsInLog = 0;
		};
/* End PBXShellScriptBuildPhase section */

/* Begin PBXSourcesBuildPhase section */
		E77FEF671EDDDD34001985B5 /* Sources */ = {
			isa = PBXSourcesBuildPhase;
			buildActionMask = 2147483647;
			files = (
				E77FEF711EDDDD34001985B5 /* ViewController.swift in Sources */,
				E77FEF831EE075DD001985B5 /* cityItem.swift in Sources */,
				E77FEF6F1EDDDD34001985B5 /* AppDelegate.swift in Sources */,
				E77FEF851EE081CA001985B5 /* weatherCollectionViewCell.swift in Sources */,
				E77FEF811EDF6572001985B5 /* weather.swift in Sources */,
			);
			runOnlyForDeploymentPostprocessing = 0;
		};
/* End PBXSourcesBuildPhase section */

/* Begin PBXVariantGroup section */
		E77FEF721EDDDD34001985B5 /* Main.storyboard */ = {
			isa = PBXVariantGroup;
			children = (
				E77FEF731EDDDD34001985B5 /* Base */,
			);
			name = Main.storyboard;
			sourceTree = "<group>";
		};
		E77FEF771EDDDD34001985B5 /* LaunchScreen.storyboard */ = {
			isa = PBXVariantGroup;
			children = (
				E77FEF781EDDDD34001985B5 /* Base */,
			);
			name = LaunchScreen.storyboard;
			sourceTree = "<group>";
		};
/* End PBXVariantGroup section */

/* Begin XCBuildConfiguration section */
		E77FEF7B1EDDDD34001985B5 /* Debug */ = {
			isa = XCBuildConfiguration;
			buildSettings = {
				ALWAYS_SEARCH_USER_PATHS = NO;
				CLANG_ANALYZER_NONNULL = YES;
				CLANG_ANALYZER_NUMBER_OBJECT_CONVERSION = YES_AGGRESSIVE;
				CLANG_CXX_LANGUAGE_STANDARD = "gnu++0x";
				CLANG_CXX_LIBRARY = "libc++";
				CLANG_ENABLE_MODULES = YES;
				CLANG_ENABLE_OBJC_ARC = YES;
				CLANG_WARN_BOOL_CONVERSION = YES;
				CLANG_WARN_CONSTANT_CONVERSION = YES;
				CLANG_WARN_DIRECT_OBJC_ISA_USAGE = YES_ERROR;
				CLANG_WARN_DOCUMENTATION_COMMENTS = YES;
				CLANG_WARN_EMPTY_BODY = YES;
				CLANG_WARN_ENUM_CONVERSION = YES;
				CLANG_WARN_INFINITE_RECURSION = YES;
				CLANG_WARN_INT_CONVERSION = YES;
				CLANG_WARN_OBJC_ROOT_CLASS = YES_ERROR;
				CLANG_WARN_SUSPICIOUS_MOVE = YES;
				CLANG_WARN_UNREACHABLE_CODE = YES;
				CLANG_WARN__DUPLICATE_METHOD_MATCH = YES;
				"CODE_SIGN_IDENTITY[sdk=iphoneos*]" = "iPhone Developer";
				COPY_PHASE_STRIP = NO;
				DEBUG_INFORMATION_FORMAT = dwarf;
				ENABLE_STRICT_OBJC_MSGSEND = YES;
				ENABLE_TESTABILITY = YES;
				GCC_C_LANGUAGE_STANDARD = gnu99;
				GCC_DYNAMIC_NO_PIC = NO;
				GCC_NO_COMMON_BLOCKS = YES;
				GCC_OPTIMIZATION_LEVEL = 0;
				GCC_PREPROCESSOR_DEFINITIONS = (
					"DEBUG=1",
					"$(inherited)",
				);
				GCC_WARN_64_TO_32_BIT_CONVERSION = YES;
				GCC_WARN_ABOUT_RETURN_TYPE = YES_ERROR;
				GCC_WARN_UNDECLARED_SELECTOR = YES;
				GCC_WARN_UNINITIALIZED_AUTOS = YES_AGGRESSIVE;
				GCC_WARN_UNUSED_FUNCTION = YES;
				GCC_WARN_UNUSED_VARIABLE = YES;
				IPHONEOS_DEPLOYMENT_TARGET = 10.3;
				MTL_ENABLE_DEBUG_INFO = YES;
				ONLY_ACTIVE_ARCH = YES;
				SDKROOT = iphoneos;
				SWIFT_ACTIVE_COMPILATION_CONDITIONS = DEBUG;
				SWIFT_OPTIMIZATION_LEVEL = "-Onone";
				TARGETED_DEVICE_FAMILY = "1,2";
			};
			name = Debug;
		};
		E77FEF7C1EDDDD34001985B5 /* Release */ = {
			isa = XCBuildConfiguration;
			buildSettings = {
				ALWAYS_SEARCH_USER_PATHS = NO;
				CLANG_ANALYZER_NONNULL = YES;
				CLANG_ANALYZER_NUMBER_OBJECT_CONVERSION = YES_AGGRESSIVE;
				CLANG_CXX_LANGUAGE_STANDARD = "gnu++0x";
				CLANG_CXX_LIBRARY = "libc++";
				CLANG_ENABLE_MODULES = YES;
				CLANG_ENABLE_OBJC_ARC = YES;
				CLANG_WARN_BOOL_CONVERSION = YES;
				CLANG_WARN_CONSTANT_CONVERSION = YES;
				CLANG_WARN_DIRECT_OBJC_ISA_USAGE = YES_ERROR;
				CLANG_WARN_DOCUMENTATION_COMMENTS = YES;
				CLANG_WARN_EMPTY_BODY = YES;
				CLANG_WARN_ENUM_CONVERSION = YES;
				CLANG_WARN_INFINITE_RECURSION = YES;
				CLANG_WARN_INT_CONVERSION = YES;
				CLANG_WARN_OBJC_ROOT_CLASS = YES_ERROR;
				CLANG_WARN_SUSPICIOUS_MOVE = YES;
				CLANG_WARN_UNREACHABLE_CODE = YES;
				CLANG_WARN__DUPLICATE_METHOD_MATCH = YES;
				"CODE_SIGN_IDENTITY[sdk=iphoneos*]" = "iPhone Developer";
				COPY_PHASE_STRIP = NO;
				DEBUG_INFORMATION_FORMAT = "dwarf-with-dsym";
				ENABLE_NS_ASSERTIONS = NO;
				ENABLE_STRICT_OBJC_MSGSEND = YES;
				GCC_C_LANGUAGE_STANDARD = gnu99;
				GCC_NO_COMMON_BLOCKS = YES;
				GCC_WARN_64_TO_32_BIT_CONVERSION = YES;
				GCC_WARN_ABOUT_RETURN_TYPE = YES_ERROR;
				GCC_WARN_UNDECLARED_SELECTOR = YES;
				GCC_WARN_UNINITIALIZED_AUTOS = YES_AGGRESSIVE;
				GCC_WARN_UNUSED_FUNCTION = YES;
				GCC_WARN_UNUSED_VARIABLE = YES;
				IPHONEOS_DEPLOYMENT_TARGET = 10.3;
				MTL_ENABLE_DEBUG_INFO = NO;
				SDKROOT = iphoneos;
				SWIFT_OPTIMIZATION_LEVEL = "-Owholemodule";
				TARGETED_DEVICE_FAMILY = "1,2";
				VALIDATE_PRODUCT = YES;
			};
			name = Release;
		};
		E77FEF7E1EDDDD34001985B5 /* Debug */ = {
			isa = XCBuildConfiguration;
			baseConfigurationReference = 3E252EABEE895A64D9E24866 /* Pods-weatherApplication.debug.xcconfig */;
			buildSettings = {
				ASSETCATALOG_COMPILER_APPICON_NAME = AppIcon;
				INFOPLIST_FILE = weatherApplication/Info.plist;
				LD_RUNPATH_SEARCH_PATHS = "$(inherited) @executable_path/Frameworks";
				PRODUCT_BUNDLE_IDENTIFIER = ikajava.weatherApplication;
				PRODUCT_NAME = "$(TARGET_NAME)";
				SWIFT_VERSION = 3.0;
			};
			name = Debug;
		};
		E77FEF7F1EDDDD34001985B5 /* Release */ = {
			isa = XCBuildConfiguration;
			baseConfigurationReference = 21B342D1B77A9C35B730F4A1 /* Pods-weatherApplication.release.xcconfig */;
			buildSettings = {
				ASSETCATALOG_COMPILER_APPICON_NAME = AppIcon;
				INFOPLIST_FILE = weatherApplication/Info.plist;
				LD_RUNPATH_SEARCH_PATHS = "$(inherited) @executable_path/Frameworks";
				PRODUCT_BUNDLE_IDENTIFIER = ikajava.weatherApplication;
				PRODUCT_NAME = "$(TARGET_NAME)";
				SWIFT_VERSION = 3.0;
			};
			name = Release;
		};
/* End XCBuildConfiguration section */

/* Begin XCConfigurationList section */
		E77FEF661EDDDD34001985B5 /* Build configuration list for PBXProject "weatherApplication" */ = {
			isa = XCConfigurationList;
			buildConfigurations = (
				E77FEF7B1EDDDD34001985B5 /* Debug */,
				E77FEF7C1EDDDD34001985B5 /* Release */,
			);
			defaultConfigurationIsVisible = 0;
			defaultConfigurationName = Release;
		};
		E77FEF7D1EDDDD34001985B5 /* Build configuration list for PBXNativeTarget "weatherApplication" */ = {
			isa = XCConfigurationList;
			buildConfigurations = (
				E77FEF7E1EDDDD34001985B5 /* Debug */,
				E77FEF7F1EDDDD34001985B5 /* Release */,
			);
			defaultConfigurationIsVisible = 0;
			defaultConfigurationName = Release;
		};
/* End XCConfigurationList section */
	};
	rootObject = E77FEF631EDDDD34001985B5 /* Project object */;
}
